<Solution>
  <Project Path="../AssignmentPrac/AssignmentPrac.csproj" Id="ad3eefbf-c98e-48f3-aed4-ed104914970b" />
  <Project Path="../Banking/Banking.csproj" Id="80139ae9-16ae-4b86-9eed-48709d3da704" />
  <Project Path="../Counter/CounterTask.csproj" Id="fdbaa795-02b6-46b0-9e62-754dc823f8e9" />
  <Project Path="../Subscription/Subscription.csproj" Id="4fe352b8-6927-4b4a-907b-f0ea92993a2b" />
  <Project Path="AdvTaskAssignment1.csproj" />
</Solution>
