<Solution>
  <Project Path="CoreWebAppDemo/CoreWebAppDemo.csproj" Id="79fbdc97-db7e-419e-9a6e-a7ad03615826" />
  <Project Path="E:/disk d/fullStack/Cg_Assignment/MVC_ASP.NET/MVC_CORE_WebApp1/MVC_CORE_WebApp1.csproj" />
  <Project Path="E:/disk d/fullStack/trainingCapgemeni/MVC_Core_WebPages/MVC_Core_WebPages.csproj" />
</Solution>
