Microsoft Visual Studio Solution File, Format Version 12.00
# Visual Studio Version 17
VisualStudioVersion = 17.5.2.0
MinimumVisualStudioVersion = 10.0.40219.1
Project("{FAE04EC0-301F-11D3-BF4B-00C04F79EFBC}") = "SubscriptionSystem", "SubscriptionSystem.csproj", "{BD3150F8-6C3C-5FBD-20B5-C75537887B38}"
EndProject
Global
	GlobalSection(SolutionConfigurationPlatforms) = preSolution
		Debug|Any CPU = Debug|Any CPU
		Release|Any CPU = Release|Any CPU
	EndGlobalSection
	GlobalSection(ProjectConfigurationPlatforms) = postSolution
		{BD3150F8-6C3C-5FBD-20B5-C75537887B38}.Debug|Any CPU.ActiveCfg = Debug|Any CPU
		{BD3150F8-6C3C-5FBD-20B5-C75537887B38}.Debug|Any CPU.Build.0 = Debug|Any CPU
		{BD3150F8-6C3C-5FBD-20B5-C75537887B38}.Release|Any CPU.ActiveCfg = Release|Any CPU
		{BD3150F8-6C3C-5FBD-20B5-C75537887B38}.Release|Any CPU.Build.0 = Release|Any CPU
	EndGlobalSection
	GlobalSection(SolutionProperties) = preSolution
		HideSolutionNode = FALSE
	EndGlobalSection
	GlobalSection(ExtensibilityGlobals) = postSolution
		SolutionGuid = {B0A1C1CF-7F2B-4FAC-8DB5-ED3904BFA5AF}
	EndGlobalSection
EndGlobal
